{
  "name": "@sapiom/example-hello-workflow",
  "version": "1.0.0",
  "lockfileVersion": 3,
  "requires": true,
  "packages": {
    "": {
      "name": "@sapiom/example-hello-workflow",
      "version": "1.0.0",
      "dependencies": {
        "@sapiom/orchestration": "0.4.8",
        "@sapiom/tools": "0.14.1"
      },
      "devDependencies": {
        "@types/node": "^20.11.30",
        "typescript": "^5.4.2"
      }
    },
    "node_modules/@sapiom/orchestration": {
      "version": "0.4.8",
      "resolved": "https://registry.npmjs.org/@sapiom/orchestration/-/orchestration-0.4.8.tgz",
      "integrity": "sha512-aVOlRHGetx0PjH4yGqGtXysvGPjLCglAxtka2wfRFttWaYxI1qqEwqggyAMdAUf88V4NF0isuOWSiUb919cPEA==",
      "license": "MIT",
      "dependencies": {
        "@sapiom/tools": "^0.14.0"
      },
      "engines": {
        "node": ">=18.0.0"
      },
      "peerDependencies": {
        "zod": "^3.25.76 || ^4.0.0"
      }
    },
    "node_modules/@sapiom/tools": {
      "version": "0.14.1",
      "resolved": "https://registry.npmjs.org/@sapiom/tools/-/tools-0.14.1.tgz",
      "integrity": "sha512-BTrqI/WmlPTY/J+UU/R1IZFfaBC/jqGVuIvbfjCNE7QGa8j1zz8MnRrAwV3+vwsrvjvSZhXQK2dNJyVUD+ZhFQ==",
      "license": "MIT",
      "engines": {
        "node": ">=18.0.0"
      }
    },
    "node_modules/@types/node": {
      "version": "20.19.43",
      "resolved": "https://registry.npmjs.org/@types/node/-/node-20.19.43.tgz",
      "integrity": "sha512-6oYBAi5ikg4Pl+kGsoYtawUMBT2zZMCvPNF7pVLnHZfd1zf38DRiWn/gT01RYCdUqkv7Fhr+C9ot4/tb+2sVvA==",
      "dev": true,
      "license": "MIT",
      "dependencies": {
        "undici-types": "~6.21.0"
      }
    },
    "node_modules/typescript": {
      "version": "5.9.3",
      "resolved": "https://registry.npmjs.org/typescript/-/typescript-5.9.3.tgz",
      "integrity": "sha512-jl1vZzPDinLr9eUt3J/t7V6FgNEw9QjvBPdysz9KfQDD41fQrC2Y4vKQdiaUpFT4bXlb1RHhLpp8wtm6M5TgSw==",
      "dev": true,
      "license": "Apache-2.0",
      "bin": {
        "tsc": "bin/tsc",
        "tsserver": "bin/tsserver"
      },
      "engines": {
        "node": ">=14.17"
      }
    },
    "node_modules/undici-types": {
      "version": "6.21.0",
      "resolved": "https://registry.npmjs.org/undici-types/-/undici-types-6.21.0.tgz",
      "integrity": "sha512-iwDZqg0QAGrg9Rav5H4n0M64c3mkR59cJ6wQp+7C4nI0gsmExaedaYLNO44eT4AtBBwjbTiGPMlt2Md0T9H9JQ==",
      "dev": true,
      "license": "MIT"
    },
    "node_modules/zod": {
      "version": "4.4.3",
      "resolved": "https://registry.npmjs.org/zod/-/zod-4.4.3.tgz",
      "integrity": "sha512-ytENFjIJFl2UwYglde2jchW2Hwm4GJFLDiSXWdTrJQBIN9Fcyp7n4DhxJEiWNAJMV1/BqWfW/kkg71UDcHJyTQ==",
      "license": "MIT",
      "peer": true,
      "funding": {
        "url": "https://github.com/sponsors/colinhacks"
      }
    }
  }
}
